
Microsoft Visual Studio Solution File, Format Version 12.00
# Visual Studio Version 17
VisualStudioVersion = 17.14.37531.7 d17.14
MinimumVisualStudioVersion = 10.0.40219.1
Project("{FAE04EC0-301F-11D3-BF4B-00C04F79EFBC}") = "Proyecto Estudiantes", "Proyecto Estudiantes\Proyecto Estudiantes.csproj", "{F6EC5690-7F44-4469-AF8B-3E877FDFE75D}"
EndProject
Global
	GlobalSection(SolutionConfigurationPlatforms) = preSolution
		Debug|Any CPU = Debug|Any CPU
		Release|Any CPU = Release|Any CPU
	EndGlobalSection
	GlobalSection(ProjectConfigurationPlatforms) = postSolution
		{F6EC5690-7F44-4469-AF8B-3E877FDFE75D}.Debug|Any CPU.ActiveCfg = Debug|Any CPU
		{F6EC5690-7F44-4469-AF8B-3E877FDFE75D}.Debug|Any CPU.Build.0 = Debug|Any CPU
		{F6EC5690-7F44-4469-AF8B-3E877FDFE75D}.Release|Any CPU.ActiveCfg = Release|Any CPU
		{F6EC5690-7F44-4469-AF8B-3E877FDFE75D}.Release|Any CPU.Build.0 = Release|Any CPU
	EndGlobalSection
	GlobalSection(SolutionProperties) = preSolution
		HideSolutionNode = FALSE
	EndGlobalSection
	GlobalSection(ExtensibilityGlobals) = postSolution
		SolutionGuid = {44DE4941-2541-42C7-B81D-66949DB5C77F}
	EndGlobalSection
EndGlobal
